
Microsoft Visual Studio Solution File, Format Version 12.00
# Visual Studio Version 17
VisualStudioVersion = 17.12.35707.178
MinimumVisualStudioVersion = 10.0.40219.1
Project("{FAE04EC0-301F-11D3-BF4B-00C04F79EFBC}") = "TodoListAPI", "TodoListAPI\TodoListAPI.csproj", "{076B121D-5A18-4AB2-8A58-6461E92C2361}"
EndProject
Project("{FAE04EC0-301F-11D3-BF4B-00C04F79EFBC}") = "Infraestructure", "APIServices\Infraestructure.csproj", "{83ED40EC-CD9C-4740-9C94-F3238E6CA9CF}"
EndProject
Project("{FAE04EC0-301F-11D3-BF4B-00C04F79EFBC}") = "Domain", "Domain\Domain.csproj", "{EF4CED86-0F39-4903-A1BF-AB6241FEF9C2}"
EndProject
Project("{FAE04EC0-301F-11D3-BF4B-00C04F79EFBC}") = "Application", "Application\Application.csproj", "{9937C369-0A7A-4AEC-822C-292118B246B3}"
EndProject
Project("{FAE04EC0-301F-11D3-BF4B-00C04F79EFBC}") = "SharedKernel", "SharedKernel\SharedKernel.csproj", "{5336ED33-FA11-4CA8-97DC-32601CF52953}"
EndProject
Global
	GlobalSection(SolutionConfigurationPlatforms) = preSolution
		Debug|Any CPU = Debug|Any CPU
		Release|Any CPU = Release|Any CPU
	EndGlobalSection
	GlobalSection(ProjectConfigurationPlatforms) = postSolution
		{076B121D-5A18-4AB2-8A58-6461E92C2361}.Debug|Any CPU.ActiveCfg = Debug|Any CPU
		{076B121D-5A18-4AB2-8A58-6461E92C2361}.Debug|Any CPU.Build.0 = Debug|Any CPU
		{076B121D-5A18-4AB2-8A58-6461E92C2361}.Release|Any CPU.ActiveCfg = Release|Any CPU
		{076B121D-5A18-4AB2-8A58-6461E92C2361}.Release|Any CPU.Build.0 = Release|Any CPU
		{83ED40EC-CD9C-4740-9C94-F3238E6CA9CF}.Debug|Any CPU.ActiveCfg = Debug|Any CPU
		{83ED40EC-CD9C-4740-9C94-F3238E6CA9CF}.Debug|Any CPU.Build.0 = Debug|Any CPU
		{83ED40EC-CD9C-4740-9C94-F3238E6CA9CF}.Release|Any CPU.ActiveCfg = Release|Any CPU
		{83ED40EC-CD9C-4740-9C94-F3238E6CA9CF}.Release|Any CPU.Build.0 = Release|Any CPU
		{EF4CED86-0F39-4903-A1BF-AB6241FEF9C2}.Debug|Any CPU.ActiveCfg = Debug|Any CPU
		{EF4CED86-0F39-4903-A1BF-AB6241FEF9C2}.Debug|Any CPU.Build.0 = Debug|Any CPU
		{EF4CED86-0F39-4903-A1BF-AB6241FEF9C2}.Release|Any CPU.ActiveCfg = Release|Any CPU
		{EF4CED86-0F39-4903-A1BF-AB6241FEF9C2}.Release|Any CPU.Build.0 = Release|Any CPU
		{9937C369-0A7A-4AEC-822C-292118B246B3}.Debug|Any CPU.ActiveCfg = Debug|Any CPU
		{9937C369-0A7A-4AEC-822C-292118B246B3}.Debug|Any CPU.Build.0 = Debug|Any CPU
		{9937C369-0A7A-4AEC-822C-292118B246B3}.Release|Any CPU.ActiveCfg = Release|Any CPU
		{9937C369-0A7A-4AEC-822C-292118B246B3}.Release|Any CPU.Build.0 = Release|Any CPU
		{5336ED33-FA11-4CA8-97DC-32601CF52953}.Debug|Any CPU.ActiveCfg = Debug|Any CPU
		{5336ED33-FA11-4CA8-97DC-32601CF52953}.Debug|Any CPU.Build.0 = Debug|Any CPU
		{5336ED33-FA11-4CA8-97DC-32601CF52953}.Release|Any CPU.ActiveCfg = Release|Any CPU
		{5336ED33-FA11-4CA8-97DC-32601CF52953}.Release|Any CPU.Build.0 = Release|Any CPU
	EndGlobalSection
	GlobalSection(SolutionProperties) = preSolution
		HideSolutionNode = FALSE
	EndGlobalSection
	GlobalSection(ExtensibilityGlobals) = postSolution
		SolutionGuid = {FA1BD5B3-3027-4277-ACC7-2CABB2AD288E}
	EndGlobalSection
EndGlobal
