
Microsoft Visual Studio Solution File, Format Version 12.00
# Visual Studio Version 17
VisualStudioVersion = 17.14.36623.8 d17.14
MinimumVisualStudioVersion = 10.0.40219.1
Project("{FAE04EC0-301F-11D3-BF4B-00C04F79EFBC}") = "ToDoWebApp", "ToDoWebApp.csproj", "{7FB2705D-64E4-407B-B732-744A43125847}"
EndProject
Project("{FAE04EC0-301F-11D3-BF4B-00C04F79EFBC}") = "Domain", "..\Domain\Domain.csproj", "{73C5FFD8-4610-4F4F-B323-C0DF9493737E}"
EndProject
Project("{FAE04EC0-301F-11D3-BF4B-00C04F79EFBC}") = "Application", "..\Application\Application.csproj", "{92669657-FFA8-48F6-832E-050BA34C9697}"
EndProject
Project("{FAE04EC0-301F-11D3-BF4B-00C04F79EFBC}") = "Infraestructure", "..\Infraestructure\Infraestructure.csproj", "{9C5209DB-9E52-4ED4-9949-E7C9573665D7}"
EndProject
Global
	GlobalSection(SolutionConfigurationPlatforms) = preSolution
		Debug|Any CPU = Debug|Any CPU
		Release|Any CPU = Release|Any CPU
	EndGlobalSection
	GlobalSection(ProjectConfigurationPlatforms) = postSolution
		{7FB2705D-64E4-407B-B732-744A43125847}.Debug|Any CPU.ActiveCfg = Debug|Any CPU
		{7FB2705D-64E4-407B-B732-744A43125847}.Debug|Any CPU.Build.0 = Debug|Any CPU
		{7FB2705D-64E4-407B-B732-744A43125847}.Release|Any CPU.ActiveCfg = Release|Any CPU
		{7FB2705D-64E4-407B-B732-744A43125847}.Release|Any CPU.Build.0 = Release|Any CPU
		{73C5FFD8-4610-4F4F-B323-C0DF9493737E}.Debug|Any CPU.ActiveCfg = Debug|Any CPU
		{73C5FFD8-4610-4F4F-B323-C0DF9493737E}.Debug|Any CPU.Build.0 = Debug|Any CPU
		{73C5FFD8-4610-4F4F-B323-C0DF9493737E}.Release|Any CPU.ActiveCfg = Release|Any CPU
		{73C5FFD8-4610-4F4F-B323-C0DF9493737E}.Release|Any CPU.Build.0 = Release|Any CPU
		{92669657-FFA8-48F6-832E-050BA34C9697}.Debug|Any CPU.ActiveCfg = Debug|Any CPU
		{92669657-FFA8-48F6-832E-050BA34C9697}.Debug|Any CPU.Build.0 = Debug|Any CPU
		{92669657-FFA8-48F6-832E-050BA34C9697}.Release|Any CPU.ActiveCfg = Release|Any CPU
		{92669657-FFA8-48F6-832E-050BA34C9697}.Release|Any CPU.Build.0 = Release|Any CPU
		{9C5209DB-9E52-4ED4-9949-E7C9573665D7}.Debug|Any CPU.ActiveCfg = Debug|Any CPU
		{9C5209DB-9E52-4ED4-9949-E7C9573665D7}.Debug|Any CPU.Build.0 = Debug|Any CPU
		{9C5209DB-9E52-4ED4-9949-E7C9573665D7}.Release|Any CPU.ActiveCfg = Release|Any CPU
		{9C5209DB-9E52-4ED4-9949-E7C9573665D7}.Release|Any CPU.Build.0 = Release|Any CPU
	EndGlobalSection
	GlobalSection(SolutionProperties) = preSolution
		HideSolutionNode = FALSE
	EndGlobalSection
	GlobalSection(ExtensibilityGlobals) = postSolution
		SolutionGuid = {885BBAE6-C30F-4F98-BCDC-E2EB013EA74E}
	EndGlobalSection
EndGlobal
